// !$*UTF8*$!
{
	archiveVersion = 1;
	classes = {
	};
	objectVersion = 56;
	objects = {

/* Begin PBXBuildFile section */
		853ED0B929E281E900566B35 /* WeatherReportApp.swift in Sources */ = {isa = PBXBuildFile; fileRef = 853ED0B829E281E900566B35 /* WeatherReportApp.swift */; };
		853ED0BB29E281E900566B35 /* ContentView.swift in Sources */ = {isa = PBXBuildFile; fileRef = 853ED0BA29E281E900566B35 /* ContentView.swift */; };
		853ED0BD29E281EA00566B35 /* Assets.xcassets in Resources */ = {isa = PBXBuildFile; fileRef = 853ED0BC29E281EA00566B35 /* Assets.xcassets */; };
		853ED0C029E281EA00566B35 /* Preview Assets.xcassets in Resources */ = {isa = PBXBuildFile; fileRef = 853ED0BF29E281EA00566B35 /* Preview Assets.xcassets */; };
		853ED0CB29E2828A00566B35 /* WeatherAPI.swift in Sources */ = {isa = PBXBuildFile; fileRef = 853ED0CA29E2828A00566B35 /* WeatherAPI.swift */; };
		853ED0CD29E282BA00566B35 /* WeatherData.swift in Sources */ = {isa = PBXBuildFile; fileRef = 853ED0CC29E282BA00566B35 /* WeatherData.swift */; };
		853ED0CF29E2833600566B35 /* WeatherViewModel.swift in Sources */ = {isa = PBXBuildFile; fileRef = 853ED0CE29E2833600566B35 /* WeatherViewModel.swift */; };
/* End PBXBuildFile section */

/* Begin PBXFileReference section */
		853ED0B529E281E900566B35 /* WeatherReport.app */ = {isa = PBXFileReference; explicitFileType = wrapper.application; includeInIndex = 0; path = WeatherReport.app; sourceTree = BUILT_PRODUCTS_DIR; };
		853ED0B829E281E900566B35 /* WeatherReportApp.swift */ = {isa = PBXFileReference; lastKnownFileType = sourcecode.swift; path = WeatherReportApp.swift; sourceTree = "<group>"; };
		853ED0BA29E281E900566B35 /* ContentView.swift */ = {isa = PBXFileReference; lastKnownFileType = sourcecode.swift; path = ContentView.swift; sourceTree = "<group>"; };
		853ED0BC29E281EA00566B35 /* Assets.xcassets */ = {isa = PBXFileReference; lastKnownFileType = folder.assetcatalog; path = Assets.xcassets; sourceTree = "<group>"; };
		853ED0BF29E281EA00566B35 /* Preview Assets.xcassets */ = {isa = PBXFileReference; lastKnownFileType = folder.assetcatalog; path = "Preview Assets.xcassets"; sourceTree = "<group>"; };
		853ED0C629E281F400566B35 /* Info.plist */ = {isa = PBXFileReference; lastKnownFileType = text.plist; path = Info.plist; sourceTree = "<group>"; };
		853ED0CA29E2828A00566B35 /* WeatherAPI.swift */ = {isa = PBXFileReference; lastKnownFileType = sourcecode.swift; path = WeatherAPI.swift; sourceTree = "<group>"; };
		853ED0CC29E282BA00566B35 /* WeatherData.swift */ = {isa = PBXFileReference; lastKnownFileType = sourcecode.swift; path = WeatherData.swift; sourceTree = "<group>"; };
		853ED0CE29E2833600566B35 /* WeatherViewModel.swift */ = {isa = PBXFileReference; lastKnownFileType = sourcecode.swift; path = WeatherViewModel.swift; sourceTree = "<group>"; };
/* End PBXFileReference section */

/* Begin PBXFrameworksBuildPhase section */
		853ED0B229E281E900566B35 /* Frameworks */ = {
			isa = PBXFrameworksBuildPhase;
			buildActionMask = 2147483647;
			files = (
			);
			runOnlyForDeploymentPostprocessing = 0;
		};
/* End PBXFrameworksBuildPhase section */

/* Begin PBXGroup section */
		853ED0AC29E281E900566B35 = {
			isa = PBXGroup;
			children = (
				853ED0B729E281E900566B35 /* WeatherReport */,
				853ED0B629E281E900566B35 /* Products */,
			);
			sourceTree = "<group>";
		};
		853ED0B629E281E900566B35 /* Products */ = {
			isa = PBXGroup;
			children = (
				853ED0B529E281E900566B35 /* WeatherReport.app */,
			);
			name = Products;
			sourceTree = "<group>";
		};
		853ED0B729E281E900566B35 /* WeatherReport */ = {
			isa = PBXGroup;
			children = (
				853ED0C729E2822900566B35 /* Model */,
				853ED0D029E2A9A800566B35 /* View */,
				853ED0C829E2823200566B35 /* ViewModel */,
				853ED0C929E2824200566B35 /* Services */,
				853ED0B829E281E900566B35 /* WeatherReportApp.swift */,
				853ED0C629E281F400566B35 /* Info.plist */,
				853ED0BC29E281EA00566B35 /* Assets.xcassets */,
				853ED0BE29E281EA00566B35 /* Preview Content */,
			);
			path = WeatherReport;
			sourceTree = "<group>";
		};
		853ED0BE29E281EA00566B35 /* Preview Content */ = {
			isa = PBXGroup;
			children = (
				853ED0BF29E281EA00566B35 /* Preview Assets.xcassets */,
			);
			path = "Preview Content";
			sourceTree = "<group>";
		};
		853ED0C729E2822900566B35 /* Model */ = {
			isa = PBXGroup;
			children = (
				853ED0CC29E282BA00566B35 /* WeatherData.swift */,
			);
			path = Model;
			sourceTree = "<group>";
		};
		853ED0C829E2823200566B35 /* ViewModel */ = {
			isa = PBXGroup;
			children = (
				853ED0CE29E2833600566B35 /* WeatherViewModel.swift */,
			);
			path = ViewModel;
			sourceTree = "<group>";
		};
		853ED0C929E2824200566B35 /* Services */ = {
			isa = PBXGroup;
			children = (
				853ED0CA29E2828A00566B35 /* WeatherAPI.swift */,
			);
			path = Services;
			sourceTree = "<group>";
		};
		853ED0D029E2A9A800566B35 /* View */ = {
			isa = PBXGroup;
			children = (
				853ED0BA29E281E900566B35 /* ContentView.swift */,
			);
			path = View;
			sourceTree = "<group>";
		};
/* End PBXGroup section */

/* Begin PBXNativeTarget section */
		853ED0B429E281E900566B35 /* WeatherReport */ = {
			isa = PBXNativeTarget;
			buildConfigurationList = 853ED0C329E281EA00566B35 /* Build configuration list for PBXNativeTarget "WeatherReport" */;
			buildPhases = (
				853ED0B129E281E900566B35 /* Sources */,
				853ED0B229E281E900566B35 /* Frameworks */,
				853ED0B329E281E900566B35 /* Resources */,
			);
			buildRules = (
			);
			dependencies = (
			);
			name = WeatherReport;
			productName = WeatherReport;
			productReference = 853ED0B529E281E900566B35 /* WeatherReport.app */;
			productType = "com.apple.product-type.application";
		};
/* End PBXNativeTarget section */

/* Begin PBXProject section */
		853ED0AD29E281E900566B35 /* Project object */ = {
			isa = PBXProject;
			attributes = {
				BuildIndependentTargetsInParallel = 1;
				LastSwiftUpdateCheck = 1420;
				LastUpgradeCheck = 1420;
				TargetAttributes = {
					853ED0B429E281E900566B35 = {
						CreatedOnToolsVersion = 14.2;
					};
				};
			};
			buildConfigurationList = 853ED0B029E281E900566B35 /* Build configuration list for PBXProject "WeatherReport" */;
			compatibilityVersion = "Xcode 14.0";
			developmentRegion = en;
			hasScannedForEncodings = 0;
			knownRegions = (
				en,
				Base,
			);
			mainGroup = 853ED0AC29E281E900566B35;
			productRefGroup = 853ED0B629E281E900566B35 /* Products */;
			projectDirPath = "";
			projectRoot = "";
			targets = (
				853ED0B429E281E900566B35 /* WeatherReport */,
			);
		};
/* End PBXProject section */

/* Begin PBXResourcesBuildPhase section */
		853ED0B329E281E900566B35 /* Resources */ = {
			isa = PBXResourcesBuildPhase;
			buildActionMask = 2147483647;
			files = (
				853ED0C029E281EA00566B35 /* Preview Assets.xcassets in Resources */,
				853ED0BD29E281EA00566B35 /* Assets.xcassets in Resources */,
			);
			runOnlyForDeploymentPostprocessing = 0;
		};
/* End PBXResourcesBuildPhase section */

/* Begin PBXSourcesBuildPhase section */
		853ED0B129E281E900566B35 /* Sources */ = {
			isa = PBXSourcesBuildPhase;
			buildActionMask = 2147483647;
			files = (
				853ED0CF29E2833600566B35 /* WeatherViewModel.swift in Sources */,
				853ED0CB29E2828A00566B35 /* WeatherAPI.swift in Sources */,
				853ED0BB29E281E900566B35 /* ContentView.swift in Sources */,
				853ED0CD29E282BA00566B35 /* WeatherData.swift in Sources */,
				853ED0B929E281E900566B35 /* WeatherReportApp.swift in Sources */,
			);
			runOnlyForDeploymentPostprocessing = 0;
		};
/* End PBXSourcesBuildPhase section */

/* Begin XCBuildConfiguration section */
		853ED0C129E281EA00566B35 /* Debug */ = {
			isa = XCBuildConfiguration;
			buildSettings = {
				ALWAYS_SEARCH_USER_PATHS = NO;
				CLANG_ANALYZER_NONNULL = YES;
				CLANG_ANALYZER_NUMBER_OBJECT_CONVERSION = YES_AGGRESSIVE;
				CLANG_CXX_LANGUAGE_STANDARD = "gnu++20";
				CLANG_ENABLE_MODULES = YES;
				CLANG_ENABLE_OBJC_ARC = YES;
				CLANG_ENABLE_OBJC_WEAK = YES;
				CLANG_WARN_BLOCK_CAPTURE_AUTORELEASING = YES;
				CLANG_WARN_BOOL_CONVERSION = YES;
				CLANG_WARN_COMMA = YES;
				CLANG_WARN_CONSTANT_CONVERSION = YES;
				CLANG_WARN_DEPRECATED_OBJC_IMPLEMENTATIONS = YES;
				CLANG_WARN_DIRECT_OBJC_ISA_USAGE = YES_ERROR;
				CLANG_WARN_DOCUMENTATION_COMMENTS = YES;
				CLANG_WARN_EMPTY_BODY = YES;
				CLANG_WARN_ENUM_CONVERSION = YES;
				CLANG_WARN_INFINITE_RECURSION = YES;
				CLANG_WARN_INT_CONVERSION = YES;
				CLANG_WARN_NON_LITERAL_NULL_CONVERSION = YES;
				CLANG_WARN_OBJC_IMPLICIT_RETAIN_SELF = YES;
				CLANG_WARN_OBJC_LITERAL_CONVERSION = YES;
				CLANG_WARN_OBJC_ROOT_CLASS = YES_ERROR;
				CLANG_WARN_QUOTED_INCLUDE_IN_FRAMEWORK_HEADER = YES;
				CLANG_WARN_RANGE_LOOP_ANALYSIS = YES;
				CLANG_WARN_STRICT_PROTOTYPES = YES;
				CLANG_WARN_SUSPICIOUS_MOVE = YES;
				CLANG_WARN_UNGUARDED_AVAILABILITY = YES_AGGRESSIVE;
				CLANG_WARN_UNREACHABLE_CODE = YES;
				CLANG_WARN__DUPLICATE_METHOD_MATCH = YES;
				COPY_PHASE_STRIP = NO;
				DEBUG_INFORMATION_FORMAT = dwarf;
				ENABLE_STRICT_OBJC_MSGSEND = YES;
				ENABLE_TESTABILITY = YES;
				GCC_C_LANGUAGE_STANDARD = gnu11;
				GCC_DYNAMIC_NO_PIC = NO;
				GCC_NO_COMMON_BLOCKS = YES;
				GCC_OPTIMIZATION_LEVEL = 0;
				GCC_PREPROCESSOR_DEFINITIONS = (
					"DEBUG=1",
					"$(inherited)",
				);
				GCC_WARN_64_TO_32_BIT_CONVERSION = YES;
				GCC_WARN_ABOUT_RETURN_TYPE = YES_ERROR;
				GCC_WARN_UNDECLARED_SELECTOR = YES;
				GCC_WARN_UNINITIALIZED_AUTOS = YES_AGGRESSIVE;
				GCC_WARN_UNUSED_FUNCTION = YES;
				GCC_WARN_UNUSED_VARIABLE = YES;
				IPHONEOS_DEPLOYMENT_TARGET = 16.2;
				MTL_ENABLE_DEBUG_INFO = INCLUDE_SOURCE;
				MTL_FAST_MATH = YES;
				ONLY_ACTIVE_ARCH = YES;
				SDKROOT = iphoneos;
				SWIFT_ACTIVE_COMPILATION_CONDITIONS = DEBUG;
				SWIFT_OPTIMIZATION_LEVEL = "-Onone";
			};
			name = Debug;
		};
		853ED0C229E281EA00566B35 /* Release */ = {
			isa = XCBuildConfiguration;
			buildSettings = {
				ALWAYS_SEARCH_USER_PATHS = NO;
				CLANG_ANALYZER_NONNULL = YES;
				CLANG_ANALYZER_NUMBER_OBJECT_CONVERSION = YES_AGGRESSIVE;
				CLANG_CXX_LANGUAGE_STANDARD = "gnu++20";
				CLANG_ENABLE_MODULES = YES;
				CLANG_ENABLE_OBJC_ARC = YES;
				CLANG_ENABLE_OBJC_WEAK = YES;
				CLANG_WARN_BLOCK_CAPTURE_AUTORELEASING = YES;
				CLANG_WARN_BOOL_CONVERSION = YES;
				CLANG_WARN_COMMA = YES;
				CLANG_WARN_CONSTANT_CONVERSION = YES;
				CLANG_WARN_DEPRECATED_OBJC_IMPLEMENTATIONS = YES;
				CLANG_WARN_DIRECT_OBJC_ISA_USAGE = YES_ERROR;
				CLANG_WARN_DOCUMENTATION_COMMENTS = YES;
				CLANG_WARN_EMPTY_BODY = YES;
				CLANG_WARN_ENUM_CONVERSION = YES;
				CLANG_WARN_INFINITE_RECURSION = YES;
				CLANG_WARN_INT_CONVERSION = YES;
				CLANG_WARN_NON_LITERAL_NULL_CONVERSION = YES;
				CLANG_WARN_OBJC_IMPLICIT_RETAIN_SELF = YES;
				CLANG_WARN_OBJC_LITERAL_CONVERSION = YES;
				CLANG_WARN_OBJC_ROOT_CLASS = YES_ERROR;
				CLANG_WARN_QUOTED_INCLUDE_IN_FRAMEWORK_HEADER = YES;
				CLANG_WARN_RANGE_LOOP_ANALYSIS = YES;
				CLANG_WARN_STRICT_PROTOTYPES = YES;
				CLANG_WARN_SUSPICIOUS_MOVE = YES;
				CLANG_WARN_UNGUARDED_AVAILABILITY = YES_AGGRESSIVE;
				CLANG_WARN_UNREACHABLE_CODE = YES;
				CLANG_WARN__DUPLICATE_METHOD_MATCH = YES;
				COPY_PHASE_STRIP = NO;
				DEBUG_INFORMATION_FORMAT = "dwarf-with-dsym";
				ENABLE_NS_ASSERTIONS = NO;
				ENABLE_STRICT_OBJC_MSGSEND = YES;
				GCC_C_LANGUAGE_STANDARD = gnu11;
				GCC_NO_COMMON_BLOCKS = YES;
				GCC_WARN_64_TO_32_BIT_CONVERSION = YES;
				GCC_WARN_ABOUT_RETURN_TYPE = YES_ERROR;
				GCC_WARN_UNDECLARED_SELECTOR = YES;
				GCC_WARN_UNINITIALIZED_AUTOS = YES_AGGRESSIVE;
				GCC_WARN_UNUSED_FUNCTION = YES;
				GCC_WARN_UNUSED_VARIABLE = YES;
				IPHONEOS_DEPLOYMENT_TARGET = 16.2;
				MTL_ENABLE_DEBUG_INFO = NO;
				MTL_FAST_MATH = YES;
				SDKROOT = iphoneos;
				SWIFT_COMPILATION_MODE = wholemodule;
				SWIFT_OPTIMIZATION_LEVEL = "-O";
				VALIDATE_PRODUCT = YES;
			};
			name = Release;
		};
		853ED0C429E281EA00566B35 /* Debug */ = {
			isa = XCBuildConfiguration;
			buildSettings = {
				ASSETCATALOG_COMPILER_APPICON_NAME = AppIcon;
				ASSETCATALOG_COMPILER_GLOBAL_ACCENT_COLOR_NAME = AccentColor;
				CODE_SIGN_STYLE = Automatic;
				CURRENT_PROJECT_VERSION = 1;
				DEVELOPMENT_ASSET_PATHS = "\"WeatherReport/Preview Content\"";
				ENABLE_PREVIEWS = YES;
				GENERATE_INFOPLIST_FILE = YES;
				INFOPLIST_FILE = WeatherReport/Info.plist;
				INFOPLIST_KEY_CFBundleDisplayName = Weather;
				INFOPLIST_KEY_UIApplicationSupportsIndirectInputEvents = YES;
				INFOPLIST_KEY_UILaunchScreen_Generation = YES;
				INFOPLIST_KEY_UISupportedInterfaceOrientations_iPad = "UIInterfaceOrientationPortrait UIInterfaceOrientationPortraitUpsideDown UIInterfaceOrientationLandscapeLeft UIInterfaceOrientationLandscapeRight";
				INFOPLIST_KEY_UISupportedInterfaceOrientations_iPhone = "UIInterfaceOrientationPortrait UIInterfaceOrientationLandscapeLeft UIInterfaceOrientationLandscapeRight";
				LD_RUNPATH_SEARCH_PATHS = (
					"$(inherited)",
					"@executable_path/Frameworks",
				);
				MARKETING_VERSION = 1.0;
				PRODUCT_BUNDLE_IDENTIFIER = com.SampleSwiftUI.WeatherReport;
				PRODUCT_NAME = "$(TARGET_NAME)";
				SWIFT_EMIT_LOC_STRINGS = YES;
				SWIFT_VERSION = 5.0;
				TARGETED_DEVICE_FAMILY = "1,2";
			};
			name = Debug;
		};
		853ED0C529E281EA00566B35 /* Release */ = {
			isa = XCBuildConfiguration;
			buildSettings = {
				ASSETCATALOG_COMPILER_APPICON_NAME = AppIcon;
				ASSETCATALOG_COMPILER_GLOBAL_ACCENT_COLOR_NAME = AccentColor;
				CODE_SIGN_STYLE = Automatic;
				CURRENT_PROJECT_VERSION = 1;
				DEVELOPMENT_ASSET_PATHS = "\"WeatherReport/Preview Content\"";
				ENABLE_PREVIEWS = YES;
				GENERATE_INFOPLIST_FILE = YES;
				INFOPLIST_FILE = WeatherReport/Info.plist;
				INFOPLIST_KEY_CFBundleDisplayName = Weather;
				INFOPLIST_KEY_UIApplicationSupportsIndirectInputEvents = YES;
				INFOPLIST_KEY_UILaunchScreen_Generation = YES;
				INFOPLIST_KEY_UISupportedInterfaceOrientations_iPad = "UIInterfaceOrientationPortrait UIInterfaceOrientationPortraitUpsideDown UIInterfaceOrientationLandscapeLeft UIInterfaceOrientationLandscapeRight";
				INFOPLIST_KEY_UISupportedInterfaceOrientations_iPhone = "UIInterfaceOrientationPortrait UIInterfaceOrientationLandscapeLeft UIInterfaceOrientationLandscapeRight";
				LD_RUNPATH_SEARCH_PATHS = (
					"$(inherited)",
					"@executable_path/Frameworks",
				);
				MARKETING_VERSION = 1.0;
				PRODUCT_BUNDLE_IDENTIFIER = com.SampleSwiftUI.WeatherReport;
				PRODUCT_NAME = "$(TARGET_NAME)";
				SWIFT_EMIT_LOC_STRINGS = YES;
				SWIFT_VERSION = 5.0;
				TARGETED_DEVICE_FAMILY = "1,2";
			};
			name = Release;
		};
/* End XCBuildConfiguration section */

/* Begin XCConfigurationList section */
		853ED0B029E281E900566B35 /* Build configuration list for PBXProject "WeatherReport" */ = {
			isa = XCConfigurationList;
			buildConfigurations = (
				853ED0C129E281EA00566B35 /* Debug */,
				853ED0C229E281EA00566B35 /* Release */,
			);
			defaultConfigurationIsVisible = 0;
			defaultConfigurationName = Release;
		};
		853ED0C329E281EA00566B35 /* Build configuration list for PBXNativeTarget "WeatherReport" */ = {
			isa = XCConfigurationList;
			buildConfigurations = (
				853ED0C429E281EA00566B35 /* Debug */,
				853ED0C529E281EA00566B35 /* Release */,
			);
			defaultConfigurationIsVisible = 0;
			defaultConfigurationName = Release;
		};
/* End XCConfigurationList section */
	};
	rootObject = 853ED0AD29E281E900566B35 /* Project object */;
}
